#MicroXplorer Configuration settings - do not modify
Mcu.Family=STM32G4
ProjectManager.MainLocation=Core/Src
NVIC.ADC1_2_IRQn=true\:0\:0\:false\:false\:true\:true\:true
I2C2.IPParameters=Timing
ADC2.ExternalTrigConv=ADC_EXTERNALTRIG_T3_TRGO
PA6.Mode=Full_Duplex_Master
RCC.USART1Freq_Value=170000000
RCC.SAI1Freq_Value=170000000
USART2.IPParameters=VirtualMode-Asynchronous,BaudRate,OverrunDisableParam,DMADisableonRxErrorParam
RCC.CortexFreq_Value=170000000
ProjectManager.KeepUserCode=true
Mcu.UserName=STM32G483CETx
FDCAN2.DataPrescaler=17
SPI1.VirtualType=VM_MASTER
ADC2.Channel-0\#ChannelRegularConversion=ADC_CHANNEL_17
USART1.BaudRate=1000000
PB14.GPIO_Label=FLOW
I2C2.Timing=0x30A0A7FB
PA0.GPIO_Label=PWR_SRC_BAT
ProjectManager.functionlistsort=1-MX_GPIO_Init-GPIO-false-HAL-true,2-SystemClock_Config-RCC-false-HAL-false,3-MX_ADC2_Init-ADC2-false-HAL-true,4-MX_ADC4_Init-ADC4-false-HAL-true,5-MX_FDCAN2_Init-FDCAN2-false-HAL-true,6-MX_I2C2_Init-I2C2-false-HAL-true,7-MX_SPI1_Init-SPI1-false-HAL-true,8-MX_TIM3_Init-TIM3-false-HAL-true,9-MX_TIM4_Init-TIM4-false-HAL-true,10-MX_USART1_UART_Init-USART1-false-HAL-true,11-MX_USART2_UART_Init-USART2-false-HAL-true
PB0.GPIO_Label=SW_IZDIH
RCC.USART2Freq_Value=170000000
USART1.IPParameters=VirtualMode-Asynchronous,BaudRate
SH.S_TIM4_CH4.ConfNb=1
ADC4.OffsetNumber-0\#ChannelRegularConversion=ADC_OFFSET_NONE
PB11.Signal=GPIO_Output
PB15.Signal=ADC4_IN5
PB13.Signal=FDCAN2_TX
PinOutPanel.RotationAngle=0
RCC.MCO1PinFreq_Value=16000000
RCC.SYSCLKSource=RCC_SYSCLKSOURCE_PLLCLK
ProjectManager.StackSize=0x400
PB5.GPIOParameters=GPIO_Label
ADC4.Overrun=ADC_OVR_DATA_OVERWRITTEN
ADC4.IPParameters=Rank-0\#ChannelRegularConversion,Channel-0\#ChannelRegularConversion,SamplingTime-0\#ChannelRegularConversion,OffsetNumber-0\#ChannelRegularConversion,NbrOfConversionFlag,ClockPrescaler,Rank-1\#ChannelRegularConversion,Channel-1\#ChannelRegularConversion,SamplingTime-1\#ChannelRegularConversion,OffsetNumber-1\#ChannelRegularConversion,NbrOfConversion,OversamplingMode,RightBitShift,Ratio,ExternalTrigConv,Overrun
ADC2.Ratio=ADC_OVERSAMPLING_RATIO_32
RCC.I2C3Freq_Value=170000000
RCC.LPTIM1Freq_Value=170000000
Mcu.IP4=NVIC
ADC4.Channel-0\#ChannelRegularConversion=ADC_CHANNEL_4
Mcu.IP5=RCC
RCC.FCLKCortexFreq_Value=170000000
Mcu.IP2=FDCAN2
NVIC.SVCall_IRQn=true\:0\:0\:false\:false\:true\:false\:false
Mcu.IP3=I2C2
Mcu.IP0=ADC2
Mcu.IP1=ADC4
Mcu.UserConstants=
PA4.Mode=IN17-Single-Ended
FDCAN2.FrameFormat=FDCAN_FRAME_CLASSIC
Mcu.ThirdPartyNb=0
SPI1.Direction=SPI_DIRECTION_2LINES
RCC.HCLKFreq_Value=170000000
RCC.I2C4Freq_Value=170000000
Mcu.IPNb=12
ProjectManager.PreviousToolchain=
RCC.APB2TimFreq_Value=170000000
PB6.Signal=USART1_TX
PB6.Mode=Asynchronous
SPI1.CalculateBaudRate=10.625 MBits/s
Mcu.Pin6=PA4
Mcu.Pin7=PA5
Mcu.Pin8=PA6
Mcu.Pin9=PA7
RCC.AHBFreq_Value=170000000
Mcu.Pin0=PF0-OSC_IN
Mcu.Pin1=PF1-OSC_OUT
GPIO.groupedBy=Group By Peripherals
Mcu.Pin2=PA0
Mcu.Pin3=PA1
RCC.USART3Freq_Value=170000000
Mcu.Pin4=PA2
Mcu.Pin5=PA3
ProjectManager.ProjectBuild=false
RCC.HSE_VALUE=24000000
NVIC.UsageFault_IRQn=true\:0\:0\:false\:false\:true\:false\:false
PA0.Locked=true
NVIC.DebugMonitor_IRQn=true\:0\:0\:false\:false\:true\:false\:false
PB3.Mode=JTAG_5_pins
Mcu.IP10=USART1
USART2.VirtualMode-Asynchronous=VM_ASYNC
PA15.Mode=JTAG_5_pins
NVIC.SysTick_IRQn=true\:0\:0\:false\:false\:true\:false\:true
RCC.ADC12Freq_Value=170000000
Mcu.IP11=USART2
ProjectManager.FirmwarePackage=STM32Cube FW_G4 V1.4.0
MxDb.Version=DB.6.0.21
PB0.GPIOParameters=GPIO_Label
PB4.Mode=JTAG_5_pins
PA1.GPIOParameters=GPIO_Label,GPIO_ModeDefaultOutputPP
ProjectManager.BackupPrevious=true
RCC.VCOInputFreq_Value=4000000
PA14.Mode=JTAG_5_pins
ADC4.Rank-0\#ChannelRegularConversion=1
PB14.Mode=IN4-Single-Ended
TIM3.Prescaler=169
PB1.GPIO_Label=SW_VDIH
File.Version=6
PA10.GPIO_Label=PWR_SRC_AC
VP_SYS_VS_DBSignals.Mode=DisableDeadBatterySignals
PB7.Signal=USART1_RX
PA8.Signal=I2C2_SDA
RCC.PLLRCLKFreq_Value=170000000
PB6.Locked=true
NVIC.PendSV_IRQn=true\:0\:0\:false\:false\:true\:false\:false
ProjectManager.HalAssertFull=false
PB0.Locked=true
RCC.CRSFreq_Value=48000000
ProjectManager.ProjectName=FW_Respirator_CtrlSTM32G483CE
PA0.Signal=GPIO_Input
Mcu.Package=LQFP48
PB9.Signal=S_TIM4_CH4
PB1.Signal=GPIO_Input
PA6.Signal=SPI1_MISO
PB12.Mode=FDCAN_Activate
ADC2.Overrun=ADC_OVR_DATA_OVERWRITTEN
TIM4.PulseNoDither_4=499
ProjectManager.ToolChainLocation=
RCC.LSI_VALUE=32000
VP_SYS_VS_Systick.Signal=SYS_VS_Systick
RCC.LSCOPinFreq_Value=32000
PA10.Signal=GPIO_Input
PA15.Signal=SYS_JTDI
ADC2.SamplingTime-0\#ChannelRegularConversion=ADC_SAMPLETIME_2CYCLES_5
TIM3.PeriodNoDither=999
PB14.GPIOParameters=GPIO_Label
PB5.GPIO_Label=USB_SENS
ADC2.NbrOfConversion=1
RCC.PLLPoutputFreq_Value=170000000
RCC.APB1TimFreq_Value=170000000
NVIC.BusFault_IRQn=true\:0\:0\:false\:false\:true\:false\:false
RCC.LPUART1Freq_Value=170000000
PB10.GPIOParameters=GPIO_Label
PB13.Mode=FDCAN_Activate
RCC.CK48CLockSelection=RCC_USBCLKSOURCE_HSI48
ADC2.Rank-0\#ChannelRegularConversion=1
NVIC.USART1_IRQn=true\:0\:0\:false\:false\:true\:true\:false
PF1-OSC_OUT.Mode=HSE-External-Oscillator
TIM4.Channel-PWM\ Generation4\ CH4=TIM_CHANNEL_4
SPI1.BaudRatePrescaler=SPI_BAUDRATEPRESCALER_16
ProjectManager.CustomerFirmwarePackage=
VP_TIM3_VS_ClockSourceINT.Mode=Internal
PF1-OSC_OUT.Signal=RCC_OSC_OUT
RCC.HSI48_VALUE=48000000
PB4.Signal=SYS_JTRST
RCC.HRTIM1Freq_Value=170000000
PA3.Signal=USART2_RX
PA5.Mode=Full_Duplex_Master
USART2.OverrunDisableParam=ADVFEATURE_OVERRUN_DISABLE
RCC.PLLSourceVirtual=RCC_PLLSOURCE_HSE
RCC.I2SFreq_Value=170000000
RCC.PLLQoutputFreq_Value=170000000
ProjectManager.ProjectFileName=FW_Respirator_CtrlSTM32G483CE.ioc
PA7.Mode=Full_Duplex_Master
NVIC.ADC4_IRQn=true\:0\:0\:false\:false\:true\:true\:true
USART2.DMADisableonRxErrorParam=ADVFEATURE_DMA_DISABLEONRXERROR
Mcu.PinsNb=34
ADC4.ExternalTrigConv=ADC_EXTERNALTRIG_T3_TRGO
ProjectManager.NoMain=false
SPI1.IPParameters=VirtualType,Mode,Direction,CalculateBaudRate,BaudRatePrescaler
SH.S_TIM4_CH4.0=TIM4_CH4,PWM Generation4 CH4
TIM4.PeriodNoDither=999
PB11.GPIO_Label=TIPKA_LED
ADC4.SamplingTime-1\#ChannelRegularConversion=ADC_SAMPLETIME_2CYCLES_5
RCC.EXTERNAL_CLOCK_VALUE=12288000
ProjectManager.DefaultFWLocation=true
ProjectManager.DeletePrevious=true
PB10.Locked=true
RCC.QSPIFreq_Value=170000000
ADC4.OversamplingMode=ENABLE
NVIC.USART2_IRQn=true\:0\:0\:false\:false\:true\:true\:false
USART2.BaudRate=1000000
RCC.FamilyName=M
NVIC.FDCAN2_IT0_IRQn=true\:0\:0\:false\:false\:true\:true\:true
FDCAN2.NominalTimeSeg1=10
USART1.VirtualMode-Asynchronous=VM_ASYNC
FDCAN2.NominalTimeSeg2=9
PA13.Signal=SYS_JTMS-SWDIO
PA3.Mode=Asynchronous
PA9.Mode=I2C
VP_TIM4_VS_ClockSourceINT.Signal=TIM4_VS_ClockSourceINT
ProjectManager.TargetToolchain=STM32CubeIDE
TIM4.IPParameters=Channel-PWM Generation4 CH4,Prescaler,PeriodNoDither,PulseNoDither_4
PB10.GPIO_Label=ON_OFF_STATE
ADC2.IPParameters=Rank-0\#ChannelRegularConversion,Channel-0\#ChannelRegularConversion,SamplingTime-0\#ChannelRegularConversion,OffsetNumber-0\#ChannelRegularConversion,NbrOfConversionFlag,OversamplingMode,RightBitShift,Ratio,ExternalTrigConv,Overrun,NbrOfConversion
ADC4.Rank-1\#ChannelRegularConversion=2
PA9.Signal=I2C2_SCL
FDCAN2.DataTimeSeg1=10
FDCAN2.DataTimeSeg2=9
PB11.GPIOParameters=GPIO_Label
PB5.Locked=true
PB9.Locked=true
FDCAN2.NominalPrescaler=17
ProjectManager.RegisterCallBack=
RCC.USBFreq_Value=48000000
VP_TIM3_VS_ClockSourceINT.Signal=TIM3_VS_ClockSourceINT
TIM4.Prescaler=169
RCC.LSE_VALUE=32768
PA1.Signal=GPIO_Output
PB1.Locked=true
PF0-OSC_IN.Mode=HSE-External-Oscillator
PB10.Signal=GPIO_Input
ADC4.RightBitShift=ADC_RIGHTBITSHIFT_1
PB14.Signal=ADC4_IN4
PA5.Signal=SPI1_SCK
ADC2.OffsetNumber-0\#ChannelRegularConversion=ADC_OFFSET_NONE
board=custom
RCC.VCOOutputFreq_Value=340000000
ProjectManager.LastFirmware=true
PB15.Mode=IN5-Single-Ended
ADC4.Ratio=ADC_OVERSAMPLING_RATIO_32
RCC.ADC345Freq_Value=170000000
FDCAN2.IPParameters=FrameFormat,NominalPrescaler,NominalTimeSeg1,NominalTimeSeg2,DataPrescaler,DataTimeSeg1,DataTimeSeg2
RCC.APB2Freq_Value=170000000
RCC.UART4Freq_Value=170000000
ADC4.Channel-1\#ChannelRegularConversion=ADC_CHANNEL_5
MxCube.Version=6.2.1
ADC4.NbrOfConversionFlag=1
PB15.GPIO_Label=PRESSURE
RCC.I2C1Freq_Value=170000000
SPI1.Mode=SPI_MODE_MASTER
VP_SYS_VS_DBSignals.Signal=SYS_VS_DBSignals
RCC.FDCANFreq_Value=170000000
RCC.RNGFreq_Value=48000000
Mcu.Pin30=VP_SYS_VS_Systick
PA1.GPIO_Label=OFF
PA10.GPIOParameters=GPIO_Label
VP_SYS_VS_Systick.Mode=SysTick
Mcu.Pin33=VP_TIM4_VS_ClockSourceINT
TIM3.IPParameters=Prescaler,PeriodNoDither,TIM_MasterOutputTrigger
Mcu.Pin31=VP_SYS_VS_DBSignals
Mcu.Pin32=VP_TIM3_VS_ClockSourceINT
NVIC.NonMaskableInt_IRQn=true\:0\:0\:false\:false\:true\:false\:false
RCC.UART5Freq_Value=170000000
PB15.GPIOParameters=GPIO_Label
ADC4.ClockPrescaler=ADC_CLOCK_SYNC_PCLK_DIV4
PA13.Mode=JTAG_5_pins
ProjectManager.FreePins=false
RCC.IPParameters=ADC12Freq_Value,ADC345Freq_Value,AHBFreq_Value,APB1Freq_Value,APB1TimFreq_Value,APB2Freq_Value,APB2TimFreq_Value,CK48CLockSelection,CRSFreq_Value,CortexFreq_Value,EXTERNAL_CLOCK_VALUE,FCLKCortexFreq_Value,FDCANFreq_Value,FamilyName,HCLKFreq_Value,HRTIM1Freq_Value,HSE_VALUE,HSI48_VALUE,HSI_VALUE,I2C1Freq_Value,I2C2Freq_Value,I2C3Freq_Value,I2C4Freq_Value,I2SFreq_Value,LPTIM1Freq_Value,LPUART1Freq_Value,LSCOPinFreq_Value,LSE_VALUE,LSI_VALUE,MCO1PinFreq_Value,PLLM,PLLN,PLLPoutputFreq_Value,PLLQoutputFreq_Value,PLLRCLKFreq_Value,PLLSourceVirtual,PWRFreq_Value,QSPIFreq_Value,RNGFreq_Value,SAI1Freq_Value,SYSCLKFreq_VALUE,SYSCLKSource,UART4Freq_Value,UART5Freq_Value,USART1Freq_Value,USART2Freq_Value,USART3Freq_Value,USBFreq_Value,VCOInputFreq_Value,VCOOutputFreq_Value
ProjectManager.AskForMigrate=true
Mcu.Name=STM32G483CETx
ADC4.SamplingTime-0\#ChannelRegularConversion=ADC_SAMPLETIME_2CYCLES_5
Mcu.Pin26=PB5
Mcu.Pin27=PB6
PA2.Signal=USART2_TX
Mcu.Pin24=PB3
ProjectManager.UnderRoot=true
Mcu.Pin25=PB4
ADC4.NbrOfConversion=2
Mcu.IP8=TIM3
Mcu.IP9=TIM4
Mcu.Pin28=PB7
Mcu.IP6=SPI1
Mcu.Pin29=PB9
Mcu.IP7=SYS
ProjectManager.CoupleFile=true
ADC2.RightBitShift=ADC_RIGHTBITSHIFT_1
PB3.Signal=SYS_JTDO-SWO
PA4.Signal=ADC2_IN17
RCC.SYSCLKFreq_VALUE=170000000
PB5.Signal=GPIO_Input
Mcu.Pin22=PA14
Mcu.Pin23=PA15
ADC4.OffsetNumber-1\#ChannelRegularConversion=ADC_OFFSET_NONE
PA1.Locked=true
Mcu.Pin20=PA10
Mcu.Pin21=PA13
PA10.Locked=true
ADC2.NbrOfConversionFlag=1
NVIC.ForceEnableDMAVector=true
KeepUserPlacement=false
NVIC.MemoryManagement_IRQn=true\:0\:0\:false\:false\:true\:false\:false
ProjectManager.CompilerOptimize=6
PB7.Mode=Asynchronous
PA14.Signal=SYS_JTCK-SWCLK
ProjectManager.HeapSize=0x200
PA0.GPIOParameters=GPIO_Label
Mcu.Pin15=PB13
NVIC.HardFault_IRQn=true\:0\:0\:false\:false\:true\:false\:false
Mcu.Pin16=PB14
ADC2.OversamplingMode=ENABLE
Mcu.Pin13=PB11
Mcu.Pin14=PB12
Mcu.Pin19=PA9
ProjectManager.ComputerToolchain=false
Mcu.Pin17=PB15
RCC.HSI_VALUE=16000000
Mcu.Pin18=PA8
VP_TIM4_VS_ClockSourceINT.Mode=Internal
NVIC.PriorityGroup=NVIC_PRIORITYGROUP_4
Mcu.Pin11=PB1
Mcu.Pin12=PB10
RCC.PLLM=RCC_PLLM_DIV6
RCC.PLLN=85
Mcu.Pin10=PB0
PB7.Locked=true
PA2.Mode=Asynchronous
RCC.PWRFreq_Value=170000000
PA8.Mode=I2C
PF0-OSC_IN.Signal=RCC_OSC_IN
TIM3.TIM_MasterOutputTrigger=TIM_TRGO_UPDATE
RCC.I2C2Freq_Value=170000000
RCC.APB1Freq_Value=170000000
PB0.Signal=GPIO_Input
PB11.Locked=true
ProjectManager.DeviceId=STM32G483CETx
PB12.Signal=FDCAN2_RX
ProjectManager.LibraryCopy=1
PB1.GPIOParameters=GPIO_Label
PA7.Signal=SPI1_MOSI
PA1.GPIO_ModeDefaultOutputPP=GPIO_MODE_OUTPUT_OD
isbadioc=false
